
Microsoft Visual Studio Solution File, Format Version 12.00
# Visual Studio Version 16
VisualStudioVersion = 16.0.30709.64
MinimumVisualStudioVersion = 10.0.40219.1
Project("{FAE04EC0-301F-11D3-BF4B-00C04F79EFBC}") = "HubFucker", "HubFucker\HubFucker.csproj", "{7E4C0EF3-8140-4EE2-814B-09C91FE3AAD4}"
EndProject
Project("{9A19103F-16F7-4668-BE54-9A1E7A4F7556}") = "HubCourseScheduleFucker", "HubCourseScheduleFucker\HubCourseScheduleFucker.csproj", "{0C439D86-4AD5-4BA2-B5F5-00F0AB5BCEDF}"
EndProject
Project("{2150E333-8FDC-42A3-9474-1A3956D46DE8}") = "Solution Items", "Solution Items", "{A6F69AC7-914F-4F0A-A8BB-0CD8680FE61E}"
	ProjectSection(SolutionItems) = preProject
		Docs\CONTRIBUTE.md = Docs\CONTRIBUTE.md
		Docs\Design.md = Docs\Design.md
		README.md = README.md
	EndProjectSection
EndProject
Global
	GlobalSection(SolutionConfigurationPlatforms) = preSolution
		Debug|Any CPU = Debug|Any CPU
		Release|Any CPU = Release|Any CPU
	EndGlobalSection
	GlobalSection(ProjectConfigurationPlatforms) = postSolution
		{7E4C0EF3-8140-4EE2-814B-09C91FE3AAD4}.Debug|Any CPU.ActiveCfg = Debug|Any CPU
		{7E4C0EF3-8140-4EE2-814B-09C91FE3AAD4}.Debug|Any CPU.Build.0 = Debug|Any CPU
		{7E4C0EF3-8140-4EE2-814B-09C91FE3AAD4}.Debug|Any CPU.Deploy.0 = Debug|Any CPU
		{7E4C0EF3-8140-4EE2-814B-09C91FE3AAD4}.Release|Any CPU.ActiveCfg = Release|Any CPU
		{7E4C0EF3-8140-4EE2-814B-09C91FE3AAD4}.Release|Any CPU.Build.0 = Release|Any CPU
		{7E4C0EF3-8140-4EE2-814B-09C91FE3AAD4}.Release|Any CPU.Deploy.0 = Release|Any CPU
		{0C439D86-4AD5-4BA2-B5F5-00F0AB5BCEDF}.Debug|Any CPU.ActiveCfg = Debug|Any CPU
		{0C439D86-4AD5-4BA2-B5F5-00F0AB5BCEDF}.Debug|Any CPU.Build.0 = Debug|Any CPU
		{0C439D86-4AD5-4BA2-B5F5-00F0AB5BCEDF}.Release|Any CPU.ActiveCfg = Release|Any CPU
		{0C439D86-4AD5-4BA2-B5F5-00F0AB5BCEDF}.Release|Any CPU.Build.0 = Release|Any CPU
	EndGlobalSection
	GlobalSection(SolutionProperties) = preSolution
		HideSolutionNode = FALSE
	EndGlobalSection
	GlobalSection(ExtensibilityGlobals) = postSolution
		SolutionGuid = {DA1D3339-A7F6-453A-841E-E8AA369D2C52}
	EndGlobalSection
EndGlobal
